
Microsoft Visual Studio Solution File, Format Version 12.00
# Visual Studio Version 17
VisualStudioVersion = 17.0.31903.59
MinimumVisualStudioVersion = 10.0.40219.1
Project("{FAE04EC0-301F-11D3-BF4B-00C04F79EFBC}") = "PuzzleSolver.NumbersGame", "src\PuzzleSolver.NumbersGame\PuzzleSolver.NumbersGame.csproj", "{C0E3B0DB-6054-4328-9627-487F857AA928}"
EndProject
Project("{FAE04EC0-301F-11D3-BF4B-00C04F79EFBC}") = "PuzzleSolver.NumbersGame.Test", "tests\PuzzleSolver.NumbersGame.Test\PuzzleSolver.NumbersGame.Test.csproj", "{6A4A668A-AE86-4128-9A8F-C8B4DD8854AD}"
EndProject
Project("{FAE04EC0-301F-11D3-BF4B-00C04F79EFBC}") = "PuzzleSolver.BreadthFirstSearch", "src\PuzzleSolver.BreadthFirstSearch\PuzzleSolver.BreadthFirstSearch.csproj", "{4909EF27-6647-4C08-B407-B0884065A478}"
EndProject
Global
	GlobalSection(SolutionConfigurationPlatforms) = preSolution
		Debug|Any CPU = Debug|Any CPU
		Release|Any CPU = Release|Any CPU
	EndGlobalSection
	GlobalSection(SolutionProperties) = preSolution
		HideSolutionNode = FALSE
	EndGlobalSection
	GlobalSection(ProjectConfigurationPlatforms) = postSolution
		{C0E3B0DB-6054-4328-9627-487F857AA928}.Debug|Any CPU.ActiveCfg = Debug|Any CPU
		{C0E3B0DB-6054-4328-9627-487F857AA928}.Debug|Any CPU.Build.0 = Debug|Any CPU
		{C0E3B0DB-6054-4328-9627-487F857AA928}.Release|Any CPU.ActiveCfg = Release|Any CPU
		{C0E3B0DB-6054-4328-9627-487F857AA928}.Release|Any CPU.Build.0 = Release|Any CPU
		{6A4A668A-AE86-4128-9A8F-C8B4DD8854AD}.Debug|Any CPU.ActiveCfg = Debug|Any CPU
		{6A4A668A-AE86-4128-9A8F-C8B4DD8854AD}.Debug|Any CPU.Build.0 = Debug|Any CPU
		{6A4A668A-AE86-4128-9A8F-C8B4DD8854AD}.Release|Any CPU.ActiveCfg = Release|Any CPU
		{6A4A668A-AE86-4128-9A8F-C8B4DD8854AD}.Release|Any CPU.Build.0 = Release|Any CPU
		{4909EF27-6647-4C08-B407-B0884065A478}.Debug|Any CPU.ActiveCfg = Debug|Any CPU
		{4909EF27-6647-4C08-B407-B0884065A478}.Debug|Any CPU.Build.0 = Debug|Any CPU
		{4909EF27-6647-4C08-B407-B0884065A478}.Release|Any CPU.ActiveCfg = Release|Any CPU
		{4909EF27-6647-4C08-B407-B0884065A478}.Release|Any CPU.Build.0 = Release|Any CPU
	EndGlobalSection
EndGlobal
